
Microsoft Visual Studio Solution File, Format Version 12.00
# Visual Studio Version 17
VisualStudioVersion = 17.7.34031.279
MinimumVisualStudioVersion = 10.0.40219.1
Project("{9A19103F-16F7-4668-BE54-9A1E7A4F7556}") = "DDF5CS_ADT_2023241.Client", "DDF5CS_ADT_2023241.Client\DDF5CS_ADT_2023241.Client.csproj", "{2A50A346-D0B8-47E6-8CAB-7ADFCC285D16}"
EndProject
Project("{9A19103F-16F7-4668-BE54-9A1E7A4F7556}") = "DDF5CS_ADT_2023241.Models", "DDF5CS_ADT_2023241.Models\DDF5CS_ADT_2023241.Models.csproj", "{7BBD8EB4-89A6-4A6D-AACE-6FD7B3CEC24D}"
EndProject
Project("{9A19103F-16F7-4668-BE54-9A1E7A4F7556}") = "DDF5CS_ADT_2023241.Logic", "DDF5CS_ADT_2023241.Logic\DDF5CS_ADT_2023241.Logic.csproj", "{503498FA-3CEF-4D36-B44C-6EEC64DC8DFA}"
EndProject
Project("{9A19103F-16F7-4668-BE54-9A1E7A4F7556}") = "DDF5CS_ADT_2023241.Repository", "DDF5CS_ADT_2023241.Repository\DDF5CS_ADT_2023241.Repository.csproj", "{B4F4554D-E7CE-4B0F-9C91-D54FD3725892}"
EndProject
Project("{9A19103F-16F7-4668-BE54-9A1E7A4F7556}") = "DDF5CS_ADT_2023241.Endpoint", "DDF5CS_ADT_2023241.Endpoint\DDF5CS_ADT_2023241.Endpoint.csproj", "{9CC4573D-FA0A-44E9-AA30-5EE626F38A08}"
EndProject
Project("{9A19103F-16F7-4668-BE54-9A1E7A4F7556}") = "DDF5CS_ADT_2023241.Test", "DDF5CS_ADT_2023241.Test\DDF5CS_ADT_2023241.Test.csproj", "{8FA5D9B1-C471-4CB8-BA38-B7B4A55C0D16}"
EndProject
Project("{2150E333-8FDC-42A3-9474-1A3956D46DE8}") = "Backend", "Backend", "{FE588574-B15B-48B5-8081-BFBF4AE0629C}"
EndProject
Project("{2150E333-8FDC-42A3-9474-1A3956D46DE8}") = "Frontend", "Frontend", "{9AC5670F-56CB-490E-8E80-F6D87A7A53E4}"
EndProject
Project("{2150E333-8FDC-42A3-9474-1A3956D46DE8}") = "Shared", "Shared", "{2AB0BACB-37A7-4D51-B840-2169A677D36C}"
EndProject
Project("{2150E333-8FDC-42A3-9474-1A3956D46DE8}") = "Others", "Others", "{A9574F91-0DB5-4E0A-B9D9-D6AF270E607E}"
	ProjectSection(SolutionItems) = preProject
		.gitignore = .gitignore
	EndProjectSection
EndProject
Global
	GlobalSection(SolutionConfigurationPlatforms) = preSolution
		Debug|Any CPU = Debug|Any CPU
		Release|Any CPU = Release|Any CPU
	EndGlobalSection
	GlobalSection(ProjectConfigurationPlatforms) = postSolution
		{2A50A346-D0B8-47E6-8CAB-7ADFCC285D16}.Debug|Any CPU.ActiveCfg = Debug|Any CPU
		{2A50A346-D0B8-47E6-8CAB-7ADFCC285D16}.Debug|Any CPU.Build.0 = Debug|Any CPU
		{2A50A346-D0B8-47E6-8CAB-7ADFCC285D16}.Release|Any CPU.ActiveCfg = Release|Any CPU
		{2A50A346-D0B8-47E6-8CAB-7ADFCC285D16}.Release|Any CPU.Build.0 = Release|Any CPU
		{7BBD8EB4-89A6-4A6D-AACE-6FD7B3CEC24D}.Debug|Any CPU.ActiveCfg = Debug|Any CPU
		{7BBD8EB4-89A6-4A6D-AACE-6FD7B3CEC24D}.Debug|Any CPU.Build.0 = Debug|Any CPU
		{7BBD8EB4-89A6-4A6D-AACE-6FD7B3CEC24D}.Release|Any CPU.ActiveCfg = Release|Any CPU
		{7BBD8EB4-89A6-4A6D-AACE-6FD7B3CEC24D}.Release|Any CPU.Build.0 = Release|Any CPU
		{503498FA-3CEF-4D36-B44C-6EEC64DC8DFA}.Debug|Any CPU.ActiveCfg = Debug|Any CPU
		{503498FA-3CEF-4D36-B44C-6EEC64DC8DFA}.Debug|Any CPU.Build.0 = Debug|Any CPU
		{503498FA-3CEF-4D36-B44C-6EEC64DC8DFA}.Release|Any CPU.ActiveCfg = Release|Any CPU
		{503498FA-3CEF-4D36-B44C-6EEC64DC8DFA}.Release|Any CPU.Build.0 = Release|Any CPU
		{B4F4554D-E7CE-4B0F-9C91-D54FD3725892}.Debug|Any CPU.ActiveCfg = Debug|Any CPU
		{B4F4554D-E7CE-4B0F-9C91-D54FD3725892}.Debug|Any CPU.Build.0 = Debug|Any CPU
		{B4F4554D-E7CE-4B0F-9C91-D54FD3725892}.Release|Any CPU.ActiveCfg = Release|Any CPU
		{B4F4554D-E7CE-4B0F-9C91-D54FD3725892}.Release|Any CPU.Build.0 = Release|Any CPU
		{9CC4573D-FA0A-44E9-AA30-5EE626F38A08}.Debug|Any CPU.ActiveCfg = Debug|Any CPU
		{9CC4573D-FA0A-44E9-AA30-5EE626F38A08}.Debug|Any CPU.Build.0 = Debug|Any CPU
		{9CC4573D-FA0A-44E9-AA30-5EE626F38A08}.Release|Any CPU.ActiveCfg = Release|Any CPU
		{9CC4573D-FA0A-44E9-AA30-5EE626F38A08}.Release|Any CPU.Build.0 = Release|Any CPU
		{8FA5D9B1-C471-4CB8-BA38-B7B4A55C0D16}.Debug|Any CPU.ActiveCfg = Debug|Any CPU
		{8FA5D9B1-C471-4CB8-BA38-B7B4A55C0D16}.Debug|Any CPU.Build.0 = Debug|Any CPU
		{8FA5D9B1-C471-4CB8-BA38-B7B4A55C0D16}.Release|Any CPU.ActiveCfg = Release|Any CPU
		{8FA5D9B1-C471-4CB8-BA38-B7B4A55C0D16}.Release|Any CPU.Build.0 = Release|Any CPU
	EndGlobalSection
	GlobalSection(SolutionProperties) = preSolution
		HideSolutionNode = FALSE
	EndGlobalSection
	GlobalSection(NestedProjects) = preSolution
		{2A50A346-D0B8-47E6-8CAB-7ADFCC285D16} = {9AC5670F-56CB-490E-8E80-F6D87A7A53E4}
		{7BBD8EB4-89A6-4A6D-AACE-6FD7B3CEC24D} = {2AB0BACB-37A7-4D51-B840-2169A677D36C}
		{503498FA-3CEF-4D36-B44C-6EEC64DC8DFA} = {FE588574-B15B-48B5-8081-BFBF4AE0629C}
		{B4F4554D-E7CE-4B0F-9C91-D54FD3725892} = {FE588574-B15B-48B5-8081-BFBF4AE0629C}
		{9CC4573D-FA0A-44E9-AA30-5EE626F38A08} = {FE588574-B15B-48B5-8081-BFBF4AE0629C}
		{8FA5D9B1-C471-4CB8-BA38-B7B4A55C0D16} = {FE588574-B15B-48B5-8081-BFBF4AE0629C}
	EndGlobalSection
	GlobalSection(ExtensibilityGlobals) = postSolution
		SolutionGuid = {AA2B969A-F11F-4C6F-B1C8-7B7D3D8045C4}
	EndGlobalSection
EndGlobal
